
Microsoft Visual Studio Solution File, Format Version 12.00
# Visual Studio Version 17
VisualStudioVersion = 17.7.34024.191
MinimumVisualStudioVersion = 10.0.40219.1
Project("{FAE04EC0-301F-11D3-BF4B-00C04F79EFBC}") = "SixtyNamesTest", "SixtyNamesTest\SixtyNamesTest.csproj", "{841F9946-E115-4511-A46F-BCB6E0976F93}"
EndProject
Global
	GlobalSection(SolutionConfigurationPlatforms) = preSolution
		Debug|Any CPU = Debug|Any CPU
		Release|Any CPU = Release|Any CPU
	EndGlobalSection
	GlobalSection(ProjectConfigurationPlatforms) = postSolution
		{841F9946-E115-4511-A46F-BCB6E0976F93}.Debug|Any CPU.ActiveCfg = Debug|Any CPU
		{841F9946-E115-4511-A46F-BCB6E0976F93}.Debug|Any CPU.Build.0 = Debug|Any CPU
		{841F9946-E115-4511-A46F-BCB6E0976F93}.Release|Any CPU.ActiveCfg = Release|Any CPU
		{841F9946-E115-4511-A46F-BCB6E0976F93}.Release|Any CPU.Build.0 = Release|Any CPU
	EndGlobalSection
	GlobalSection(SolutionProperties) = preSolution
		HideSolutionNode = FALSE
	EndGlobalSection
	GlobalSection(ExtensibilityGlobals) = postSolution
		SolutionGuid = {ED695538-EFEC-447D-8264-86269A7EEF2D}
	EndGlobalSection
EndGlobal
